
Microsoft Visual Studio Solution File, Format Version 12.00
# Visual Studio 15
Project("{FAE04EC0-301F-11D3-BF4B-00C04F79EFBC}") = "Oculus.Platform", "Oculus.Platform.csproj", "{BD4D8830-A803-1D5A-56F8-812FF1C0A82C}"
EndProject
Project("{FAE04EC0-301F-11D3-BF4B-00C04F79EFBC}") = "Assembly-CSharp", "Assembly-CSharp.csproj", "{45620FE9-CA86-5242-0F3B-037F16FFCCDB}"
EndProject
Project("{FAE04EC0-301F-11D3-BF4B-00C04F79EFBC}") = "Meta.WitAi", "Meta.WitAi.csproj", "{21201227-BC40-B942-DAF9-AACE7556922B}"
EndProject
Project("{FAE04EC0-301F-11D3-BF4B-00C04F79EFBC}") = "Oculus.Spatializer", "Oculus.Spatializer.csproj", "{46DD096F-0FF7-0933-BC0A-B40B81528CD9}"
EndProject
Project("{FAE04EC0-301F-11D3-BF4B-00C04F79EFBC}") = "Oculus.Interaction", "Oculus.Interaction.csproj", "{52C211C0-6041-4E5C-6DEF-754758488179}"
EndProject
Project("{FAE04EC0-301F-11D3-BF4B-00C04F79EFBC}") = "Meta.WitAi.Lib", "Meta.WitAi.Lib.csproj", "{B12DC258-ED1A-58EC-710C-21CDE94877AC}"
EndProject
Project("{FAE04EC0-301F-11D3-BF4B-00C04F79EFBC}") = "Oculus.Interaction.OVR.Samples", "Oculus.Interaction.OVR.Samples.csproj", "{05E9E9A0-2901-B568-989B-F6B771CF3317}"
EndProject
Project("{FAE04EC0-301F-11D3-BF4B-00C04F79EFBC}") = "Oculus.VR", "Oculus.VR.csproj", "{F494CA9B-1C20-F19B-AECB-46F4B5F4D849}"
EndProject
Project("{FAE04EC0-301F-11D3-BF4B-00C04F79EFBC}") = "Meta.XR.BuildingBlocks", "Meta.XR.BuildingBlocks.csproj", "{7187BCB6-B62E-CE7B-A972-573F4FD54005}"
EndProject
Project("{FAE04EC0-301F-11D3-BF4B-00C04F79EFBC}") = "Meta.Voice.Samples.LiveUnderstanding", "Meta.Voice.Samples.LiveUnderstanding.csproj", "{31991A65-4AE8-C9F0-3E07-01887BB4FFA0}"
EndProject
Project("{FAE04EC0-301F-11D3-BF4B-00C04F79EFBC}") = "VoiceSDK.Dictation.Runtime", "VoiceSDK.Dictation.Runtime.csproj", "{ECBEED77-176D-32A4-684E-59ED6AE7AC74}"
EndProject
Project("{FAE04EC0-301F-11D3-BF4B-00C04F79EFBC}") = "Meta.WitAi.TTS", "Meta.WitAi.TTS.csproj", "{280E4ACF-EF4C-CB7D-E14C-BDD5C6D36615}"
EndProject
Project("{FAE04EC0-301F-11D3-BF4B-00C04F79EFBC}") = "Oculus.AudioManager", "Oculus.AudioManager.csproj", "{69C3B0A5-2021-93D6-24CD-D6A558B7E84E}"
EndProject
Project("{FAE04EC0-301F-11D3-BF4B-00C04F79EFBC}") = "Meta.Voice.Hub.Runtime", "Meta.Voice.Hub.Runtime.csproj", "{EDCD313B-5083-F1A1-B680-53D81946BE63}"
EndProject
Project("{FAE04EC0-301F-11D3-BF4B-00C04F79EFBC}") = "VoiceSDK.Runtime", "VoiceSDK.Runtime.csproj", "{E1F483CE-B337-150A-6170-57966904E205}"
EndProject
Project("{FAE04EC0-301F-11D3-BF4B-00C04F79EFBC}") = "Facebook.Wit.Dictation", "Facebook.Wit.Dictation.csproj", "{CFA141E7-718F-17CA-4DE8-0EAF761E6982}"
EndProject
Project("{FAE04EC0-301F-11D3-BF4B-00C04F79EFBC}") = "Meta.Voice.Samples.Dictation", "Meta.Voice.Samples.Dictation.csproj", "{147C9281-43DA-B59F-7CC2-8AFC16984BC0}"
EndProject
Project("{FAE04EC0-301F-11D3-BF4B-00C04F79EFBC}") = "Oculus.Interaction.OVR", "Oculus.Interaction.OVR.csproj", "{8AF0BB78-0942-8717-C6B0-53C980D21FEF}"
EndProject
Project("{FAE04EC0-301F-11D3-BF4B-00C04F79EFBC}") = "AssistantCoreSDKRuntime", "AssistantCoreSDKRuntime.csproj", "{858198A5-A9E1-4628-6D46-B678E02C0D17}"
EndProject
Project("{FAE04EC0-301F-11D3-BF4B-00C04F79EFBC}") = "Meta.WitAi.Conduit", "Meta.WitAi.Conduit.csproj", "{773B0A05-F319-5646-B0A1-51B8E9D3F834}"
EndProject
Project("{FAE04EC0-301F-11D3-BF4B-00C04F79EFBC}") = "Oculus.LipSync", "Oculus.LipSync.csproj", "{23D29F1F-952A-2F7D-CF91-32CC39FC7C78}"
EndProject
Project("{FAE04EC0-301F-11D3-BF4B-00C04F79EFBC}") = "Meta.Voice.Samples.Shapes", "Meta.Voice.Samples.Shapes.csproj", "{F03FBFE9-4459-6C85-C933-64E3EF67448F}"
EndProject
Project("{FAE04EC0-301F-11D3-BF4B-00C04F79EFBC}") = "Meta.Voice.Samples.TTSVoices", "Meta.Voice.Samples.TTSVoices.csproj", "{2C5F5310-B09C-7826-1D6B-47525F1079B1}"
EndProject
Project("{FAE04EC0-301F-11D3-BF4B-00C04F79EFBC}") = "Meta.VoiceSDK.Mic.Other", "Meta.VoiceSDK.Mic.Other.csproj", "{B59CDD13-2C18-30DC-1E6B-BA6DAB48F92F}"
EndProject
Project("{FAE04EC0-301F-11D3-BF4B-00C04F79EFBC}") = "Meta.VoiceSDK.Mic.Common", "Meta.VoiceSDK.Mic.Common.csproj", "{70E98649-E525-B9B3-1009-9592D4298ADF}"
EndProject
Project("{FAE04EC0-301F-11D3-BF4B-00C04F79EFBC}") = "Meta.Voice.Samples.Chess", "Meta.Voice.Samples.Chess.csproj", "{0F9A9C96-6EE7-FEEF-96E5-96A754808823}"
EndProject
Project("{FAE04EC0-301F-11D3-BF4B-00C04F79EFBC}") = "Meta.Voice.Samples.ShapesConduit", "Meta.Voice.Samples.ShapesConduit.csproj", "{A5F73150-6A5D-E06F-8E77-A2AD53A69009}"
EndProject
Project("{FAE04EC0-301F-11D3-BF4B-00C04F79EFBC}") = "Meta.VoiceSDK.Mic.WebGL", "Meta.VoiceSDK.Mic.WebGL.csproj", "{8FF0235A-21BF-08F1-12D5-17D7028CA44B}"
EndProject
Project("{FAE04EC0-301F-11D3-BF4B-00C04F79EFBC}") = "Meta.Voice.Samples.BuiltInTimer", "Meta.Voice.Samples.BuiltInTimer.csproj", "{5EA52599-4C4A-23F9-B4BD-38B86FA17140}"
EndProject
Project("{FAE04EC0-301F-11D3-BF4B-00C04F79EFBC}") = "Meta.Voice.Samples.LightTraits", "Meta.Voice.Samples.LightTraits.csproj", "{8947DB94-A27C-51EA-FEA1-D47FD259ACE8}"
EndProject
Project("{FAE04EC0-301F-11D3-BF4B-00C04F79EFBC}") = "Meta.WitAi.Editor", "Meta.WitAi.Editor.csproj", "{70F14872-CBF5-FE9B-F39F-493D9B8C8A63}"
EndProject
Project("{FAE04EC0-301F-11D3-BF4B-00C04F79EFBC}") = "Oculus.Interaction.Editor", "Oculus.Interaction.Editor.csproj", "{2F2AAD70-E744-EAE8-696F-E0210C6D0ADA}"
EndProject
Project("{FAE04EC0-301F-11D3-BF4B-00C04F79EFBC}") = "Meta.Voice.Hub.Editor", "Meta.Voice.Hub.Editor.csproj", "{EAD417EC-568F-EB68-6CB8-0E36B1135D64}"
EndProject
Project("{FAE04EC0-301F-11D3-BF4B-00C04F79EFBC}") = "Meta.WitAI.Lib.Editor", "Meta.WitAI.Lib.Editor.csproj", "{E4946B86-16BF-C7FD-C8CF-1B931F854386}"
EndProject
Project("{FAE04EC0-301F-11D3-BF4B-00C04F79EFBC}") = "Oculus.VR.Editor", "Oculus.VR.Editor.csproj", "{6E195676-C9EB-873C-58BA-180818A50B61}"
EndProject
Project("{FAE04EC0-301F-11D3-BF4B-00C04F79EFBC}") = "Meta.WitAi.Conduit.Editor", "Meta.WitAi.Conduit.Editor.csproj", "{0CFB01A4-3498-EFF0-11A5-CC132A2BE30D}"
EndProject
Project("{FAE04EC0-301F-11D3-BF4B-00C04F79EFBC}") = "VoiceSDK.Telemetry", "VoiceSDK.Telemetry.csproj", "{9956314E-F3A0-9BAD-1F56-E155AF4E7CFB}"
EndProject
Project("{FAE04EC0-301F-11D3-BF4B-00C04F79EFBC}") = "Oculus.Interaction.OVR.Editor", "Oculus.Interaction.OVR.Editor.csproj", "{886C03FA-F066-982C-5A29-FDAF991D0C91}"
EndProject
Project("{FAE04EC0-301F-11D3-BF4B-00C04F79EFBC}") = "Meta.XR.BuildingBlocks.Editor", "Meta.XR.BuildingBlocks.Editor.csproj", "{8F5C938C-22F3-9400-5293-D6A113F32AAD}"
EndProject
Project("{FAE04EC0-301F-11D3-BF4B-00C04F79EFBC}") = "Assembly-CSharp-Editor", "Assembly-CSharp-Editor.csproj", "{DFE44102-E234-462C-6AD5-A4290AD2C131}"
EndProject
Project("{FAE04EC0-301F-11D3-BF4B-00C04F79EFBC}") = "Oculus.Interaction.Samples.Editor", "Oculus.Interaction.Samples.Editor.csproj", "{EC51D793-9A32-07FC-330A-DBC13840B165}"
EndProject
Project("{FAE04EC0-301F-11D3-BF4B-00C04F79EFBC}") = "Oculus.VR.Scripts.Editor", "Oculus.VR.Scripts.Editor.csproj", "{549B2D76-EA2E-FF8E-ED87-3F5B806B4E09}"
EndProject
Project("{FAE04EC0-301F-11D3-BF4B-00C04F79EFBC}") = "VoiceSDK.Editor", "VoiceSDK.Editor.csproj", "{48B9EA6C-39F4-9539-061D-14FDC14E1374}"
EndProject
Project("{FAE04EC0-301F-11D3-BF4B-00C04F79EFBC}") = "Oculus.Spatializer.Editor", "Oculus.Spatializer.Editor.csproj", "{B2A296A3-F8FC-07EB-1C59-B90E54D13C46}"
EndProject
Project("{FAE04EC0-301F-11D3-BF4B-00C04F79EFBC}") = "Meta.WitAi.TTS.Editor", "Meta.WitAi.TTS.Editor.csproj", "{7711373C-AC83-5A01-82E4-947B929D2E4C}"
EndProject
Project("{FAE04EC0-301F-11D3-BF4B-00C04F79EFBC}") = "Facebook.Wit.Dictation.Editor", "Facebook.Wit.Dictation.Editor.csproj", "{B6DFBE7B-0A80-1B40-0176-7B0159225A26}"
EndProject
Project("{FAE04EC0-301F-11D3-BF4B-00C04F79EFBC}") = "VoiceSDK.Dictation.Editor", "VoiceSDK.Dictation.Editor.csproj", "{95CE04D9-84FC-555E-F7F6-70336485A2D3}"
EndProject
Project("{FAE04EC0-301F-11D3-BF4B-00C04F79EFBC}") = "Oculus.Platform.Editor", "Oculus.Platform.Editor.csproj", "{DB0D3CBB-0EBB-2ECD-4F04-C483E8AF3341}"
EndProject
Project("{FAE04EC0-301F-11D3-BF4B-00C04F79EFBC}") = "Oculus.AudioManager.Audio.Editor", "Oculus.AudioManager.Audio.Editor.csproj", "{F6FBABD9-3634-42BE-52F3-EBF7DDCD86B4}"
EndProject
Project("{FAE04EC0-301F-11D3-BF4B-00C04F79EFBC}") = "Oculus.Interaction.InterfaceSupport", "Oculus.Interaction.InterfaceSupport.csproj", "{A2C4C5DB-CFA3-ACEC-AF9A-C613D4A6C46A}"
EndProject
Project("{FAE04EC0-301F-11D3-BF4B-00C04F79EFBC}") = "Oculus.LipSync.Editor", "Oculus.LipSync.Editor.csproj", "{9F61CFAE-D54B-CF6B-47F0-2BCC52598CC8}"
EndProject
Project("{FAE04EC0-301F-11D3-BF4B-00C04F79EFBC}") = "Meta.Voice.VSDKHub.Editor", "Meta.Voice.VSDKHub.Editor.csproj", "{1D5CCF53-FF17-795B-F938-EA2791DEEBA2}"
EndProject
Project("{FAE04EC0-301F-11D3-BF4B-00C04F79EFBC}") = "AssistantCoreSDKEditor", "AssistantCoreSDKEditor.csproj", "{7102681C-BEB9-C734-7E2D-6EE80C670104}"
EndProject
Project("{FAE04EC0-301F-11D3-BF4B-00C04F79EFBC}") = "Oculus.AudioManager.Utils.Editor", "Oculus.AudioManager.Utils.Editor.csproj", "{718BC75D-B14A-B41A-E19B-4A50E178DFA9}"
EndProject
Global
	GlobalSection(SolutionConfigurationPlatforms) = preSolution
		Debug|Any CPU = Debug|Any CPU
		Release|Any CPU = Release|Any CPU
	EndGlobalSection
	GlobalSection(ProjectConfigurationPlatforms) = postSolution
		{BD4D8830-A803-1D5A-56F8-812FF1C0A82C}.Debug|Any CPU.ActiveCfg = Debug|Any CPU
		{BD4D8830-A803-1D5A-56F8-812FF1C0A82C}.Debug|Any CPU.Build.0 = Debug|Any CPU
		{BD4D8830-A803-1D5A-56F8-812FF1C0A82C}.Release|Any CPU.ActiveCfg = Release|Any CPU
		{BD4D8830-A803-1D5A-56F8-812FF1C0A82C}.Release|Any CPU.Build.0 = Release|Any CPU
		{45620FE9-CA86-5242-0F3B-037F16FFCCDB}.Debug|Any CPU.ActiveCfg = Debug|Any CPU
		{45620FE9-CA86-5242-0F3B-037F16FFCCDB}.Debug|Any CPU.Build.0 = Debug|Any CPU
		{45620FE9-CA86-5242-0F3B-037F16FFCCDB}.Release|Any CPU.ActiveCfg = Release|Any CPU
		{45620FE9-CA86-5242-0F3B-037F16FFCCDB}.Release|Any CPU.Build.0 = Release|Any CPU
		{21201227-BC40-B942-DAF9-AACE7556922B}.Debug|Any CPU.ActiveCfg = Debug|Any CPU
		{21201227-BC40-B942-DAF9-AACE7556922B}.Debug|Any CPU.Build.0 = Debug|Any CPU
		{21201227-BC40-B942-DAF9-AACE7556922B}.Release|Any CPU.ActiveCfg = Release|Any CPU
		{21201227-BC40-B942-DAF9-AACE7556922B}.Release|Any CPU.Build.0 = Release|Any CPU
		{46DD096F-0FF7-0933-BC0A-B40B81528CD9}.Debug|Any CPU.ActiveCfg = Debug|Any CPU
		{46DD096F-0FF7-0933-BC0A-B40B81528CD9}.Debug|Any CPU.Build.0 = Debug|Any CPU
		{46DD096F-0FF7-0933-BC0A-B40B81528CD9}.Release|Any CPU.ActiveCfg = Release|Any CPU
		{46DD096F-0FF7-0933-BC0A-B40B81528CD9}.Release|Any CPU.Build.0 = Release|Any CPU
		{52C211C0-6041-4E5C-6DEF-754758488179}.Debug|Any CPU.ActiveCfg = Debug|Any CPU
		{52C211C0-6041-4E5C-6DEF-754758488179}.Debug|Any CPU.Build.0 = Debug|Any CPU
		{52C211C0-6041-4E5C-6DEF-754758488179}.Release|Any CPU.ActiveCfg = Release|Any CPU
		{52C211C0-6041-4E5C-6DEF-754758488179}.Release|Any CPU.Build.0 = Release|Any CPU
		{B12DC258-ED1A-58EC-710C-21CDE94877AC}.Debug|Any CPU.ActiveCfg = Debug|Any CPU
		{B12DC258-ED1A-58EC-710C-21CDE94877AC}.Debug|Any CPU.Build.0 = Debug|Any CPU
		{B12DC258-ED1A-58EC-710C-21CDE94877AC}.Release|Any CPU.ActiveCfg = Release|Any CPU
		{B12DC258-ED1A-58EC-710C-21CDE94877AC}.Release|Any CPU.Build.0 = Release|Any CPU
		{05E9E9A0-2901-B568-989B-F6B771CF3317}.Debug|Any CPU.ActiveCfg = Debug|Any CPU
		{05E9E9A0-2901-B568-989B-F6B771CF3317}.Debug|Any CPU.Build.0 = Debug|Any CPU
		{05E9E9A0-2901-B568-989B-F6B771CF3317}.Release|Any CPU.ActiveCfg = Release|Any CPU
		{05E9E9A0-2901-B568-989B-F6B771CF3317}.Release|Any CPU.Build.0 = Release|Any CPU
		{F494CA9B-1C20-F19B-AECB-46F4B5F4D849}.Debug|Any CPU.ActiveCfg = Debug|Any CPU
		{F494CA9B-1C20-F19B-AECB-46F4B5F4D849}.Debug|Any CPU.Build.0 = Debug|Any CPU
		{F494CA9B-1C20-F19B-AECB-46F4B5F4D849}.Release|Any CPU.ActiveCfg = Release|Any CPU
		{F494CA9B-1C20-F19B-AECB-46F4B5F4D849}.Release|Any CPU.Build.0 = Release|Any CPU
		{7187BCB6-B62E-CE7B-A972-573F4FD54005}.Debug|Any CPU.ActiveCfg = Debug|Any CPU
		{7187BCB6-B62E-CE7B-A972-573F4FD54005}.Debug|Any CPU.Build.0 = Debug|Any CPU
		{7187BCB6-B62E-CE7B-A972-573F4FD54005}.Release|Any CPU.ActiveCfg = Release|Any CPU
		{7187BCB6-B62E-CE7B-A972-573F4FD54005}.Release|Any CPU.Build.0 = Release|Any CPU
		{31991A65-4AE8-C9F0-3E07-01887BB4FFA0}.Debug|Any CPU.ActiveCfg = Debug|Any CPU
		{31991A65-4AE8-C9F0-3E07-01887BB4FFA0}.Debug|Any CPU.Build.0 = Debug|Any CPU
		{31991A65-4AE8-C9F0-3E07-01887BB4FFA0}.Release|Any CPU.ActiveCfg = Release|Any CPU
		{31991A65-4AE8-C9F0-3E07-01887BB4FFA0}.Release|Any CPU.Build.0 = Release|Any CPU
		{ECBEED77-176D-32A4-684E-59ED6AE7AC74}.Debug|Any CPU.ActiveCfg = Debug|Any CPU
		{ECBEED77-176D-32A4-684E-59ED6AE7AC74}.Debug|Any CPU.Build.0 = Debug|Any CPU
		{ECBEED77-176D-32A4-684E-59ED6AE7AC74}.Release|Any CPU.ActiveCfg = Release|Any CPU
		{ECBEED77-176D-32A4-684E-59ED6AE7AC74}.Release|Any CPU.Build.0 = Release|Any CPU
		{280E4ACF-EF4C-CB7D-E14C-BDD5C6D36615}.Debug|Any CPU.ActiveCfg = Debug|Any CPU
		{280E4ACF-EF4C-CB7D-E14C-BDD5C6D36615}.Debug|Any CPU.Build.0 = Debug|Any CPU
		{280E4ACF-EF4C-CB7D-E14C-BDD5C6D36615}.Release|Any CPU.ActiveCfg = Release|Any CPU
		{280E4ACF-EF4C-CB7D-E14C-BDD5C6D36615}.Release|Any CPU.Build.0 = Release|Any CPU
		{69C3B0A5-2021-93D6-24CD-D6A558B7E84E}.Debug|Any CPU.ActiveCfg = Debug|Any CPU
		{69C3B0A5-2021-93D6-24CD-D6A558B7E84E}.Debug|Any CPU.Build.0 = Debug|Any CPU
		{69C3B0A5-2021-93D6-24CD-D6A558B7E84E}.Release|Any CPU.ActiveCfg = Release|Any CPU
		{69C3B0A5-2021-93D6-24CD-D6A558B7E84E}.Release|Any CPU.Build.0 = Release|Any CPU
		{EDCD313B-5083-F1A1-B680-53D81946BE63}.Debug|Any CPU.ActiveCfg = Debug|Any CPU
		{EDCD313B-5083-F1A1-B680-53D81946BE63}.Debug|Any CPU.Build.0 = Debug|Any CPU
		{EDCD313B-5083-F1A1-B680-53D81946BE63}.Release|Any CPU.ActiveCfg = Release|Any CPU
		{EDCD313B-5083-F1A1-B680-53D81946BE63}.Release|Any CPU.Build.0 = Release|Any CPU
		{E1F483CE-B337-150A-6170-57966904E205}.Debug|Any CPU.ActiveCfg = Debug|Any CPU
		{E1F483CE-B337-150A-6170-57966904E205}.Debug|Any CPU.Build.0 = Debug|Any CPU
		{E1F483CE-B337-150A-6170-57966904E205}.Release|Any CPU.ActiveCfg = Release|Any CPU
		{E1F483CE-B337-150A-6170-57966904E205}.Release|Any CPU.Build.0 = Release|Any CPU
		{CFA141E7-718F-17CA-4DE8-0EAF761E6982}.Debug|Any CPU.ActiveCfg = Debug|Any CPU
		{CFA141E7-718F-17CA-4DE8-0EAF761E6982}.Debug|Any CPU.Build.0 = Debug|Any CPU
		{CFA141E7-718F-17CA-4DE8-0EAF761E6982}.Release|Any CPU.ActiveCfg = Release|Any CPU
		{CFA141E7-718F-17CA-4DE8-0EAF761E6982}.Release|Any CPU.Build.0 = Release|Any CPU
		{147C9281-43DA-B59F-7CC2-8AFC16984BC0}.Debug|Any CPU.ActiveCfg = Debug|Any CPU
		{147C9281-43DA-B59F-7CC2-8AFC16984BC0}.Debug|Any CPU.Build.0 = Debug|Any CPU
		{147C9281-43DA-B59F-7CC2-8AFC16984BC0}.Release|Any CPU.ActiveCfg = Release|Any CPU
		{147C9281-43DA-B59F-7CC2-8AFC16984BC0}.Release|Any CPU.Build.0 = Release|Any CPU
		{8AF0BB78-0942-8717-C6B0-53C980D21FEF}.Debug|Any CPU.ActiveCfg = Debug|Any CPU
		{8AF0BB78-0942-8717-C6B0-53C980D21FEF}.Debug|Any CPU.Build.0 = Debug|Any CPU
		{8AF0BB78-0942-8717-C6B0-53C980D21FEF}.Release|Any CPU.ActiveCfg = Release|Any CPU
		{8AF0BB78-0942-8717-C6B0-53C980D21FEF}.Release|Any CPU.Build.0 = Release|Any CPU
		{858198A5-A9E1-4628-6D46-B678E02C0D17}.Debug|Any CPU.ActiveCfg = Debug|Any CPU
		{858198A5-A9E1-4628-6D46-B678E02C0D17}.Debug|Any CPU.Build.0 = Debug|Any CPU
		{858198A5-A9E1-4628-6D46-B678E02C0D17}.Release|Any CPU.ActiveCfg = Release|Any CPU
		{858198A5-A9E1-4628-6D46-B678E02C0D17}.Release|Any CPU.Build.0 = Release|Any CPU
		{773B0A05-F319-5646-B0A1-51B8E9D3F834}.Debug|Any CPU.ActiveCfg = Debug|Any CPU
		{773B0A05-F319-5646-B0A1-51B8E9D3F834}.Debug|Any CPU.Build.0 = Debug|Any CPU
		{773B0A05-F319-5646-B0A1-51B8E9D3F834}.Release|Any CPU.ActiveCfg = Release|Any CPU
		{773B0A05-F319-5646-B0A1-51B8E9D3F834}.Release|Any CPU.Build.0 = Release|Any CPU
		{23D29F1F-952A-2F7D-CF91-32CC39FC7C78}.Debug|Any CPU.ActiveCfg = Debug|Any CPU
		{23D29F1F-952A-2F7D-CF91-32CC39FC7C78}.Debug|Any CPU.Build.0 = Debug|Any CPU
		{23D29F1F-952A-2F7D-CF91-32CC39FC7C78}.Release|Any CPU.ActiveCfg = Release|Any CPU
		{23D29F1F-952A-2F7D-CF91-32CC39FC7C78}.Release|Any CPU.Build.0 = Release|Any CPU
		{F03FBFE9-4459-6C85-C933-64E3EF67448F}.Debug|Any CPU.ActiveCfg = Debug|Any CPU
		{F03FBFE9-4459-6C85-C933-64E3EF67448F}.Debug|Any CPU.Build.0 = Debug|Any CPU
		{F03FBFE9-4459-6C85-C933-64E3EF67448F}.Release|Any CPU.ActiveCfg = Release|Any CPU
		{F03FBFE9-4459-6C85-C933-64E3EF67448F}.Release|Any CPU.Build.0 = Release|Any CPU
		{2C5F5310-B09C-7826-1D6B-47525F1079B1}.Debug|Any CPU.ActiveCfg = Debug|Any CPU
		{2C5F5310-B09C-7826-1D6B-47525F1079B1}.Debug|Any CPU.Build.0 = Debug|Any CPU
		{2C5F5310-B09C-7826-1D6B-47525F1079B1}.Release|Any CPU.ActiveCfg = Release|Any CPU
		{2C5F5310-B09C-7826-1D6B-47525F1079B1}.Release|Any CPU.Build.0 = Release|Any CPU
		{B59CDD13-2C18-30DC-1E6B-BA6DAB48F92F}.Debug|Any CPU.ActiveCfg = Debug|Any CPU
		{B59CDD13-2C18-30DC-1E6B-BA6DAB48F92F}.Debug|Any CPU.Build.0 = Debug|Any CPU
		{B59CDD13-2C18-30DC-1E6B-BA6DAB48F92F}.Release|Any CPU.ActiveCfg = Release|Any CPU
		{B59CDD13-2C18-30DC-1E6B-BA6DAB48F92F}.Release|Any CPU.Build.0 = Release|Any CPU
		{70E98649-E525-B9B3-1009-9592D4298ADF}.Debug|Any CPU.ActiveCfg = Debug|Any CPU
		{70E98649-E525-B9B3-1009-9592D4298ADF}.Debug|Any CPU.Build.0 = Debug|Any CPU
		{70E98649-E525-B9B3-1009-9592D4298ADF}.Release|Any CPU.ActiveCfg = Release|Any CPU
		{70E98649-E525-B9B3-1009-9592D4298ADF}.Release|Any CPU.Build.0 = Release|Any CPU
		{0F9A9C96-6EE7-FEEF-96E5-96A754808823}.Debug|Any CPU.ActiveCfg = Debug|Any CPU
		{0F9A9C96-6EE7-FEEF-96E5-96A754808823}.Debug|Any CPU.Build.0 = Debug|Any CPU
		{0F9A9C96-6EE7-FEEF-96E5-96A754808823}.Release|Any CPU.ActiveCfg = Release|Any CPU
		{0F9A9C96-6EE7-FEEF-96E5-96A754808823}.Release|Any CPU.Build.0 = Release|Any CPU
		{A5F73150-6A5D-E06F-8E77-A2AD53A69009}.Debug|Any CPU.ActiveCfg = Debug|Any CPU
		{A5F73150-6A5D-E06F-8E77-A2AD53A69009}.Debug|Any CPU.Build.0 = Debug|Any CPU
		{A5F73150-6A5D-E06F-8E77-A2AD53A69009}.Release|Any CPU.ActiveCfg = Release|Any CPU
		{A5F73150-6A5D-E06F-8E77-A2AD53A69009}.Release|Any CPU.Build.0 = Release|Any CPU
		{8FF0235A-21BF-08F1-12D5-17D7028CA44B}.Debug|Any CPU.ActiveCfg = Debug|Any CPU
		{8FF0235A-21BF-08F1-12D5-17D7028CA44B}.Debug|Any CPU.Build.0 = Debug|Any CPU
		{8FF0235A-21BF-08F1-12D5-17D7028CA44B}.Release|Any CPU.ActiveCfg = Release|Any CPU
		{8FF0235A-21BF-08F1-12D5-17D7028CA44B}.Release|Any CPU.Build.0 = Release|Any CPU
		{5EA52599-4C4A-23F9-B4BD-38B86FA17140}.Debug|Any CPU.ActiveCfg = Debug|Any CPU
		{5EA52599-4C4A-23F9-B4BD-38B86FA17140}.Debug|Any CPU.Build.0 = Debug|Any CPU
		{5EA52599-4C4A-23F9-B4BD-38B86FA17140}.Release|Any CPU.ActiveCfg = Release|Any CPU
		{5EA52599-4C4A-23F9-B4BD-38B86FA17140}.Release|Any CPU.Build.0 = Release|Any CPU
		{8947DB94-A27C-51EA-FEA1-D47FD259ACE8}.Debug|Any CPU.ActiveCfg = Debug|Any CPU
		{8947DB94-A27C-51EA-FEA1-D47FD259ACE8}.Debug|Any CPU.Build.0 = Debug|Any CPU
		{8947DB94-A27C-51EA-FEA1-D47FD259ACE8}.Release|Any CPU.ActiveCfg = Release|Any CPU
		{8947DB94-A27C-51EA-FEA1-D47FD259ACE8}.Release|Any CPU.Build.0 = Release|Any CPU
		{70F14872-CBF5-FE9B-F39F-493D9B8C8A63}.Debug|Any CPU.ActiveCfg = Debug|Any CPU
		{70F14872-CBF5-FE9B-F39F-493D9B8C8A63}.Debug|Any CPU.Build.0 = Debug|Any CPU
		{70F14872-CBF5-FE9B-F39F-493D9B8C8A63}.Release|Any CPU.ActiveCfg = Release|Any CPU
		{70F14872-CBF5-FE9B-F39F-493D9B8C8A63}.Release|Any CPU.Build.0 = Release|Any CPU
		{2F2AAD70-E744-EAE8-696F-E0210C6D0ADA}.Debug|Any CPU.ActiveCfg = Debug|Any CPU
		{2F2AAD70-E744-EAE8-696F-E0210C6D0ADA}.Debug|Any CPU.Build.0 = Debug|Any CPU
		{2F2AAD70-E744-EAE8-696F-E0210C6D0ADA}.Release|Any CPU.ActiveCfg = Release|Any CPU
		{2F2AAD70-E744-EAE8-696F-E0210C6D0ADA}.Release|Any CPU.Build.0 = Release|Any CPU
		{EAD417EC-568F-EB68-6CB8-0E36B1135D64}.Debug|Any CPU.ActiveCfg = Debug|Any CPU
		{EAD417EC-568F-EB68-6CB8-0E36B1135D64}.Debug|Any CPU.Build.0 = Debug|Any CPU
		{EAD417EC-568F-EB68-6CB8-0E36B1135D64}.Release|Any CPU.ActiveCfg = Release|Any CPU
		{EAD417EC-568F-EB68-6CB8-0E36B1135D64}.Release|Any CPU.Build.0 = Release|Any CPU
		{E4946B86-16BF-C7FD-C8CF-1B931F854386}.Debug|Any CPU.ActiveCfg = Debug|Any CPU
		{E4946B86-16BF-C7FD-C8CF-1B931F854386}.Debug|Any CPU.Build.0 = Debug|Any CPU
		{E4946B86-16BF-C7FD-C8CF-1B931F854386}.Release|Any CPU.ActiveCfg = Release|Any CPU
		{E4946B86-16BF-C7FD-C8CF-1B931F854386}.Release|Any CPU.Build.0 = Release|Any CPU
		{6E195676-C9EB-873C-58BA-180818A50B61}.Debug|Any CPU.ActiveCfg = Debug|Any CPU
		{6E195676-C9EB-873C-58BA-180818A50B61}.Debug|Any CPU.Build.0 = Debug|Any CPU
		{6E195676-C9EB-873C-58BA-180818A50B61}.Release|Any CPU.ActiveCfg = Release|Any CPU
		{6E195676-C9EB-873C-58BA-180818A50B61}.Release|Any CPU.Build.0 = Release|Any CPU
		{0CFB01A4-3498-EFF0-11A5-CC132A2BE30D}.Debug|Any CPU.ActiveCfg = Debug|Any CPU
		{0CFB01A4-3498-EFF0-11A5-CC132A2BE30D}.Debug|Any CPU.Build.0 = Debug|Any CPU
		{0CFB01A4-3498-EFF0-11A5-CC132A2BE30D}.Release|Any CPU.ActiveCfg = Release|Any CPU
		{0CFB01A4-3498-EFF0-11A5-CC132A2BE30D}.Release|Any CPU.Build.0 = Release|Any CPU
		{9956314E-F3A0-9BAD-1F56-E155AF4E7CFB}.Debug|Any CPU.ActiveCfg = Debug|Any CPU
		{9956314E-F3A0-9BAD-1F56-E155AF4E7CFB}.Debug|Any CPU.Build.0 = Debug|Any CPU
		{9956314E-F3A0-9BAD-1F56-E155AF4E7CFB}.Release|Any CPU.ActiveCfg = Release|Any CPU
		{9956314E-F3A0-9BAD-1F56-E155AF4E7CFB}.Release|Any CPU.Build.0 = Release|Any CPU
		{886C03FA-F066-982C-5A29-FDAF991D0C91}.Debug|Any CPU.ActiveCfg = Debug|Any CPU
		{886C03FA-F066-982C-5A29-FDAF991D0C91}.Debug|Any CPU.Build.0 = Debug|Any CPU
		{886C03FA-F066-982C-5A29-FDAF991D0C91}.Release|Any CPU.ActiveCfg = Release|Any CPU
		{886C03FA-F066-982C-5A29-FDAF991D0C91}.Release|Any CPU.Build.0 = Release|Any CPU
		{8F5C938C-22F3-9400-5293-D6A113F32AAD}.Debug|Any CPU.ActiveCfg = Debug|Any CPU
		{8F5C938C-22F3-9400-5293-D6A113F32AAD}.Debug|Any CPU.Build.0 = Debug|Any CPU
		{8F5C938C-22F3-9400-5293-D6A113F32AAD}.Release|Any CPU.ActiveCfg = Release|Any CPU
		{8F5C938C-22F3-9400-5293-D6A113F32AAD}.Release|Any CPU.Build.0 = Release|Any CPU
		{DFE44102-E234-462C-6AD5-A4290AD2C131}.Debug|Any CPU.ActiveCfg = Debug|Any CPU
		{DFE44102-E234-462C-6AD5-A4290AD2C131}.Debug|Any CPU.Build.0 = Debug|Any CPU
		{DFE44102-E234-462C-6AD5-A4290AD2C131}.Release|Any CPU.ActiveCfg = Release|Any CPU
		{DFE44102-E234-462C-6AD5-A4290AD2C131}.Release|Any CPU.Build.0 = Release|Any CPU
		{EC51D793-9A32-07FC-330A-DBC13840B165}.Debug|Any CPU.ActiveCfg = Debug|Any CPU
		{EC51D793-9A32-07FC-330A-DBC13840B165}.Debug|Any CPU.Build.0 = Debug|Any CPU
		{EC51D793-9A32-07FC-330A-DBC13840B165}.Release|Any CPU.ActiveCfg = Release|Any CPU
		{EC51D793-9A32-07FC-330A-DBC13840B165}.Release|Any CPU.Build.0 = Release|Any CPU
		{549B2D76-EA2E-FF8E-ED87-3F5B806B4E09}.Debug|Any CPU.ActiveCfg = Debug|Any CPU
		{549B2D76-EA2E-FF8E-ED87-3F5B806B4E09}.Debug|Any CPU.Build.0 = Debug|Any CPU
		{549B2D76-EA2E-FF8E-ED87-3F5B806B4E09}.Release|Any CPU.ActiveCfg = Release|Any CPU
		{549B2D76-EA2E-FF8E-ED87-3F5B806B4E09}.Release|Any CPU.Build.0 = Release|Any CPU
		{48B9EA6C-39F4-9539-061D-14FDC14E1374}.Debug|Any CPU.ActiveCfg = Debug|Any CPU
		{48B9EA6C-39F4-9539-061D-14FDC14E1374}.Debug|Any CPU.Build.0 = Debug|Any CPU
		{48B9EA6C-39F4-9539-061D-14FDC14E1374}.Release|Any CPU.ActiveCfg = Release|Any CPU
		{48B9EA6C-39F4-9539-061D-14FDC14E1374}.Release|Any CPU.Build.0 = Release|Any CPU
		{B2A296A3-F8FC-07EB-1C59-B90E54D13C46}.Debug|Any CPU.ActiveCfg = Debug|Any CPU
		{B2A296A3-F8FC-07EB-1C59-B90E54D13C46}.Debug|Any CPU.Build.0 = Debug|Any CPU
		{B2A296A3-F8FC-07EB-1C59-B90E54D13C46}.Release|Any CPU.ActiveCfg = Release|Any CPU
		{B2A296A3-F8FC-07EB-1C59-B90E54D13C46}.Release|Any CPU.Build.0 = Release|Any CPU
		{7711373C-AC83-5A01-82E4-947B929D2E4C}.Debug|Any CPU.ActiveCfg = Debug|Any CPU
		{7711373C-AC83-5A01-82E4-947B929D2E4C}.Debug|Any CPU.Build.0 = Debug|Any CPU
		{7711373C-AC83-5A01-82E4-947B929D2E4C}.Release|Any CPU.ActiveCfg = Release|Any CPU
		{7711373C-AC83-5A01-82E4-947B929D2E4C}.Release|Any CPU.Build.0 = Release|Any CPU
		{B6DFBE7B-0A80-1B40-0176-7B0159225A26}.Debug|Any CPU.ActiveCfg = Debug|Any CPU
		{B6DFBE7B-0A80-1B40-0176-7B0159225A26}.Debug|Any CPU.Build.0 = Debug|Any CPU
		{B6DFBE7B-0A80-1B40-0176-7B0159225A26}.Release|Any CPU.ActiveCfg = Release|Any CPU
		{B6DFBE7B-0A80-1B40-0176-7B0159225A26}.Release|Any CPU.Build.0 = Release|Any CPU
		{95CE04D9-84FC-555E-F7F6-70336485A2D3}.Debug|Any CPU.ActiveCfg = Debug|Any CPU
		{95CE04D9-84FC-555E-F7F6-70336485A2D3}.Debug|Any CPU.Build.0 = Debug|Any CPU
		{95CE04D9-84FC-555E-F7F6-70336485A2D3}.Release|Any CPU.ActiveCfg = Release|Any CPU
		{95CE04D9-84FC-555E-F7F6-70336485A2D3}.Release|Any CPU.Build.0 = Release|Any CPU
		{DB0D3CBB-0EBB-2ECD-4F04-C483E8AF3341}.Debug|Any CPU.ActiveCfg = Debug|Any CPU
		{DB0D3CBB-0EBB-2ECD-4F04-C483E8AF3341}.Debug|Any CPU.Build.0 = Debug|Any CPU
		{DB0D3CBB-0EBB-2ECD-4F04-C483E8AF3341}.Release|Any CPU.ActiveCfg = Release|Any CPU
		{DB0D3CBB-0EBB-2ECD-4F04-C483E8AF3341}.Release|Any CPU.Build.0 = Release|Any CPU
		{F6FBABD9-3634-42BE-52F3-EBF7DDCD86B4}.Debug|Any CPU.ActiveCfg = Debug|Any CPU
		{F6FBABD9-3634-42BE-52F3-EBF7DDCD86B4}.Debug|Any CPU.Build.0 = Debug|Any CPU
		{F6FBABD9-3634-42BE-52F3-EBF7DDCD86B4}.Release|Any CPU.ActiveCfg = Release|Any CPU
		{F6FBABD9-3634-42BE-52F3-EBF7DDCD86B4}.Release|Any CPU.Build.0 = Release|Any CPU
		{A2C4C5DB-CFA3-ACEC-AF9A-C613D4A6C46A}.Debug|Any CPU.ActiveCfg = Debug|Any CPU
		{A2C4C5DB-CFA3-ACEC-AF9A-C613D4A6C46A}.Debug|Any CPU.Build.0 = Debug|Any CPU
		{A2C4C5DB-CFA3-ACEC-AF9A-C613D4A6C46A}.Release|Any CPU.ActiveCfg = Release|Any CPU
		{A2C4C5DB-CFA3-ACEC-AF9A-C613D4A6C46A}.Release|Any CPU.Build.0 = Release|Any CPU
		{9F61CFAE-D54B-CF6B-47F0-2BCC52598CC8}.Debug|Any CPU.ActiveCfg = Debug|Any CPU
		{9F61CFAE-D54B-CF6B-47F0-2BCC52598CC8}.Debug|Any CPU.Build.0 = Debug|Any CPU
		{9F61CFAE-D54B-CF6B-47F0-2BCC52598CC8}.Release|Any CPU.ActiveCfg = Release|Any CPU
		{9F61CFAE-D54B-CF6B-47F0-2BCC52598CC8}.Release|Any CPU.Build.0 = Release|Any CPU
		{1D5CCF53-FF17-795B-F938-EA2791DEEBA2}.Debug|Any CPU.ActiveCfg = Debug|Any CPU
		{1D5CCF53-FF17-795B-F938-EA2791DEEBA2}.Debug|Any CPU.Build.0 = Debug|Any CPU
		{1D5CCF53-FF17-795B-F938-EA2791DEEBA2}.Release|Any CPU.ActiveCfg = Release|Any CPU
		{1D5CCF53-FF17-795B-F938-EA2791DEEBA2}.Release|Any CPU.Build.0 = Release|Any CPU
		{7102681C-BEB9-C734-7E2D-6EE80C670104}.Debug|Any CPU.ActiveCfg = Debug|Any CPU
		{7102681C-BEB9-C734-7E2D-6EE80C670104}.Debug|Any CPU.Build.0 = Debug|Any CPU
		{7102681C-BEB9-C734-7E2D-6EE80C670104}.Release|Any CPU.ActiveCfg = Release|Any CPU
		{7102681C-BEB9-C734-7E2D-6EE80C670104}.Release|Any CPU.Build.0 = Release|Any CPU
		{718BC75D-B14A-B41A-E19B-4A50E178DFA9}.Debug|Any CPU.ActiveCfg = Debug|Any CPU
		{718BC75D-B14A-B41A-E19B-4A50E178DFA9}.Debug|Any CPU.Build.0 = Debug|Any CPU
		{718BC75D-B14A-B41A-E19B-4A50E178DFA9}.Release|Any CPU.ActiveCfg = Release|Any CPU
		{718BC75D-B14A-B41A-E19B-4A50E178DFA9}.Release|Any CPU.Build.0 = Release|Any CPU
	EndGlobalSection
	GlobalSection(SolutionProperties) = preSolution
		HideSolutionNode = FALSE
	EndGlobalSection
EndGlobal
